
Microsoft Visual Studio Solution File, Format Version 12.00
# Visual Studio Version 16
VisualStudioVersion = 16.0.32929.386
MinimumVisualStudioVersion = 10.0.40219.1
Project("{FAE04EC0-301F-11D3-BF4B-00C04F79EFBC}") = "WinFormsTaskQuad", "WinFormsTaskQuad\WinFormsTaskQuad.csproj", "{D91E9225-61EB-4E70-B840-16812679B382}"
EndProject
Project("{FAE04EC0-301F-11D3-BF4B-00C04F79EFBC}") = "NewExe", "NewExe\NewExe.csproj", "{CA7F7C46-5C5E-48C0-A18E-AD304061E8E3}"
EndProject
Global
	GlobalSection(SolutionConfigurationPlatforms) = preSolution
		Debug|Any CPU = Debug|Any CPU
		Release|Any CPU = Release|Any CPU
	EndGlobalSection
	GlobalSection(ProjectConfigurationPlatforms) = postSolution
		{D91E9225-61EB-4E70-B840-16812679B382}.Debug|Any CPU.ActiveCfg = Debug|Any CPU
		{D91E9225-61EB-4E70-B840-16812679B382}.Debug|Any CPU.Build.0 = Debug|Any CPU
		{D91E9225-61EB-4E70-B840-16812679B382}.Release|Any CPU.ActiveCfg = Release|Any CPU
		{D91E9225-61EB-4E70-B840-16812679B382}.Release|Any CPU.Build.0 = Release|Any CPU
		{CA7F7C46-5C5E-48C0-A18E-AD304061E8E3}.Debug|Any CPU.ActiveCfg = Debug|Any CPU
		{CA7F7C46-5C5E-48C0-A18E-AD304061E8E3}.Debug|Any CPU.Build.0 = Debug|Any CPU
		{CA7F7C46-5C5E-48C0-A18E-AD304061E8E3}.Release|Any CPU.ActiveCfg = Release|Any CPU
		{CA7F7C46-5C5E-48C0-A18E-AD304061E8E3}.Release|Any CPU.Build.0 = Release|Any CPU
	EndGlobalSection
	GlobalSection(SolutionProperties) = preSolution
		HideSolutionNode = FALSE
	EndGlobalSection
	GlobalSection(ExtensibilityGlobals) = postSolution
		SolutionGuid = {6858C8BF-80EF-4E46-8C18-9743EB31FD4E}
	EndGlobalSection
EndGlobal
